# THIS IS AN AUTOGENERATED FILE. DO NOT EDIT THIS FILE DIRECTLY.
# yarn lockfile v1


purty@^4.5.2:
  version "4.5.2"
  resolved "https://registry.yarnpkg.com/purty/-/purty-4.5.2.tgz#ffb40e1738031ce994d96ded14987723fe97a566"
  integrity sha512-Ai0sONNVfGxsd+BfPZlp+uJvcdH/qbSytpBXDbMi6zryw/GXI1cSCI2AsTPsbiU9X+f2bilcL03D1uOg+EAFKw==
